
O:\SOURCE\IM>dbl -d -l -- immenu.im 

O:\SOURCE\IM>dbl -d -l -- INITIM.im 

O:\SOURCE\IM>dbl -d -l -- INVCNT.im 

O:\SOURCE\IM>dbl -d -l -- INVINQ.im 

O:\SOURCE\IM>dbl -d -l -- invmnt.im 

O:\SOURCE\IM>dbl -d -l -- INVPRT.im 

O:\SOURCE\IM>dbl -d -l -- ORGINV.im 

O:\SOURCE\IM>dbl -d -l -- PURUHS.im 

O:\SOURCE\IM>dbl -d -l -- SRTINV.im 

O:\SOURCE\IM>dbl -d -l -- SRTTID.im 

O:\SOURCE\IM>dbl -d -l -- SRTUHS.im 

O:\SOURCE\IM>dbl -d -l -- SRTUSG.im 

O:\SOURCE\IM>dbl -d -l -- STKST1.im 

O:\SOURCE\IM>dbl -d -l -- STKSTS.im 

O:\SOURCE\IM>dbl -d -l -- TRXCNT.im 

O:\SOURCE\IM>dbl -d -l -- USGCLR.im 

O:\SOURCE\IM>dbl -d -l -- USGCNT.im 

O:\SOURCE\IM>dbl -d -l -- USGEDT.im 

O:\SOURCE\IM>dbl -d -l -- USGENT.im 

O:\SOURCE\IM>dbl -d -l -- USGHS1.im 

O:\SOURCE\IM>dbl -d -l -- USGHS2.im 

O:\SOURCE\IM>dbl -d -l -- USGPRP.im 

O:\SOURCE\IM>dbl -d -l -- usgpst.im 
